Microsoft Visual Studio Solution File, Format Version 12.00
# Visual Studio 2012
Project("{FAE04EC0-301F-11D3-BF4B-00C04F79EFBC}") = "time-reversible-dialogue-system", "time-reversible-dialogue-system.csproj", "{45B7921A-63F3-4B6A-B719-C9D4848356C9}"
EndProject
Global
	GlobalSection(SolutionConfigurationPlatforms) = preSolution
	Debug|Any CPU = Debug|Any CPU
	ExportDebug|Any CPU = ExportDebug|Any CPU
	ExportRelease|Any CPU = ExportRelease|Any CPU
	EndGlobalSection
	GlobalSection(ProjectConfigurationPlatforms) = postSolution
		{45B7921A-63F3-4B6A-B719-C9D4848356C9}.Debug|Any CPU.ActiveCfg = Debug|Any CPU
		{45B7921A-63F3-4B6A-B719-C9D4848356C9}.Debug|Any CPU.Build.0 = Debug|Any CPU
		{45B7921A-63F3-4B6A-B719-C9D4848356C9}.ExportDebug|Any CPU.ActiveCfg = ExportDebug|Any CPU
		{45B7921A-63F3-4B6A-B719-C9D4848356C9}.ExportDebug|Any CPU.Build.0 = ExportDebug|Any CPU
		{45B7921A-63F3-4B6A-B719-C9D4848356C9}.ExportRelease|Any CPU.ActiveCfg = ExportRelease|Any CPU
		{45B7921A-63F3-4B6A-B719-C9D4848356C9}.ExportRelease|Any CPU.Build.0 = ExportRelease|Any CPU
	EndGlobalSection
EndGlobal
